
Microsoft Visual Studio Solution File, Format Version 12.00
# Visual Studio Version 17
VisualStudioVersion = 17.5.33502.453
MinimumVisualStudioVersion = 10.0.40219.1
Project("{FAE04EC0-301F-11D3-BF4B-00C04F79EFBC}") = "HotelManagementProject", "HotelManagementProject\HotelManagementProject.csproj", "{4F211C68-109D-44B9-9B67-BD4D2C39182E}"
EndProject
Global
	GlobalSection(SolutionConfigurationPlatforms) = preSolution
		Debug|Any CPU = Debug|Any CPU
		Release|Any CPU = Release|Any CPU
	EndGlobalSection
	GlobalSection(ProjectConfigurationPlatforms) = postSolution
		{4F211C68-109D-44B9-9B67-BD4D2C39182E}.Debug|Any CPU.ActiveCfg = Debug|Any CPU
		{4F211C68-109D-44B9-9B67-BD4D2C39182E}.Debug|Any CPU.Build.0 = Debug|Any CPU
		{4F211C68-109D-44B9-9B67-BD4D2C39182E}.Release|Any CPU.ActiveCfg = Release|Any CPU
		{4F211C68-109D-44B9-9B67-BD4D2C39182E}.Release|Any CPU.Build.0 = Release|Any CPU
	EndGlobalSection
	GlobalSection(SolutionProperties) = preSolution
		HideSolutionNode = FALSE
	EndGlobalSection
	GlobalSection(ExtensibilityGlobals) = postSolution
		SolutionGuid = {0273E4BE-AFB5-4FE2-BB5D-97CB42B801EC}
	EndGlobalSection
EndGlobal
